{
  "name": "spiders",
  "lockfileVersion": 2,
  "requires": true,
  "packages": {
    "": {
      "dependencies": {
        "docker-machine": "^3.0.1"
      }
    },
    "node_modules/camel-case": {
      "version": "3.0.0",
      "resolved": "https://registry.npmjs.org/camel-case/-/camel-case-3.0.0.tgz",
      "integrity": "sha1-yjw2iKTpzzpM2nd9xNy8cTJJz3M=",
      "dependencies": {
        "no-case": "^2.2.0",
        "upper-case": "^1.1.1"
      }
    },
    "node_modules/deprecate": {
      "version": "1.1.1",
      "resolved": "https://registry.npmjs.org/deprecate/-/deprecate-1.1.1.tgz",
      "integrity": "sha512-ZGDXefq1xknT292LnorMY5s8UVU08/WKdzDZCUT6t9JzsiMSP4uzUhgpqugffNVcT5WC6wMBiSQ+LFjlv3v7iQ=="
    },
    "node_modules/docker-machine": {
      "version": "3.0.1",
      "resolved": "https://registry.npmjs.org/docker-machine/-/docker-machine-3.0.1.tgz",
      "integrity": "sha512-2QRw0lhPsA6P0zM5UIdZkumqs0KCrmbLAF8xH8M8LeWfpKrWgHC/SKVgro/y/5pVWxqGJtDSMpalY5h8YKyqHg==",
      "dependencies": {
        "camel-case": "~3.0.0",
        "deprecate": "~1.1.0",
        "run-parallel-limit": "~1.0.3"
      },
      "engines": {
        "node": ">=6"
      }
    },
    "node_modules/lower-case": {
      "version": "1.1.4",
      "resolved": "https://registry.npmjs.org/lower-case/-/lower-case-1.1.4.tgz",
      "integrity": "sha1-miyr0bno4K6ZOkv31YdcOcQujqw="
    },
    "node_modules/no-case": {
      "version": "2.3.2",
      "resolved": "https://registry.npmjs.org/no-case/-/no-case-2.3.2.tgz",
      "integrity": "sha512-rmTZ9kz+f3rCvK2TD1Ue/oZlns7OGoIWP4fc3llxxRXlOkHKoWPPWJOfFYpITabSow43QJbRIoHQXtt10VldyQ==",
      "dependencies": {
        "lower-case": "^1.1.1"
      }
    },
    "node_modules/run-parallel-limit": {
      "version": "1.0.6",
      "resolved": "https://registry.npmjs.org/run-parallel-limit/-/run-parallel-limit-1.0.6.tgz",
      "integrity": "sha512-yFFs4Q2kECi5mWXyyZj3UlAZ5OFq5E07opABC+EmhZdjEkrxXaUwFqOaaNF4tbayMnBxrsbujpeCYTVjGufZGQ==",
      "funding": [
        {
          "type": "github",
          "url": "https://github.com/sponsors/feross"
        },
        {
          "type": "patreon",
          "url": "https://www.patreon.com/feross"
        },
        {
          "type": "consulting",
          "url": "https://feross.org/support"
        }
      ]
    },
    "node_modules/upper-case": {
      "version": "1.1.3",
      "resolved": "https://registry.npmjs.org/upper-case/-/upper-case-1.1.3.tgz",
      "integrity": "sha1-9rRQHC7EzdJrp4vnIilh3ndiFZg="
    }
  },
  "dependencies": {
    "camel-case": {
      "version": "3.0.0",
      "resolved": "https://registry.npmjs.org/camel-case/-/camel-case-3.0.0.tgz",
      "integrity": "sha1-yjw2iKTpzzpM2nd9xNy8cTJJz3M=",
      "requires": {
        "no-case": "^2.2.0",
        "upper-case": "^1.1.1"
      }
    },
    "deprecate": {
      "version": "1.1.1",
      "resolved": "https://registry.npmjs.org/deprecate/-/deprecate-1.1.1.tgz",
      "integrity": "sha512-ZGDXefq1xknT292LnorMY5s8UVU08/WKdzDZCUT6t9JzsiMSP4uzUhgpqugffNVcT5WC6wMBiSQ+LFjlv3v7iQ=="
    },
    "docker-machine": {
      "version": "3.0.1",
      "resolved": "https://registry.npmjs.org/docker-machine/-/docker-machine-3.0.1.tgz",
      "integrity": "sha512-2QRw0lhPsA6P0zM5UIdZkumqs0KCrmbLAF8xH8M8LeWfpKrWgHC/SKVgro/y/5pVWxqGJtDSMpalY5h8YKyqHg==",
      "requires": {
        "camel-case": "~3.0.0",
        "deprecate": "~1.1.0",
        "run-parallel-limit": "~1.0.3"
      }
    },
    "lower-case": {
      "version": "1.1.4",
      "resolved": "https://registry.npmjs.org/lower-case/-/lower-case-1.1.4.tgz",
      "integrity": "sha1-miyr0bno4K6ZOkv31YdcOcQujqw="
    },
    "no-case": {
      "version": "2.3.2",
      "resolved": "https://registry.npmjs.org/no-case/-/no-case-2.3.2.tgz",
      "integrity": "sha512-rmTZ9kz+f3rCvK2TD1Ue/oZlns7OGoIWP4fc3llxxRXlOkHKoWPPWJOfFYpITabSow43QJbRIoHQXtt10VldyQ==",
      "requires": {
        "lower-case": "^1.1.1"
      }
    },
    "run-parallel-limit": {
      "version": "1.0.6",
      "resolved": "https://registry.npmjs.org/run-parallel-limit/-/run-parallel-limit-1.0.6.tgz",
      "integrity": "sha512-yFFs4Q2kECi5mWXyyZj3UlAZ5OFq5E07opABC+EmhZdjEkrxXaUwFqOaaNF4tbayMnBxrsbujpeCYTVjGufZGQ=="
    },
    "upper-case": {
      "version": "1.1.3",
      "resolved": "https://registry.npmjs.org/upper-case/-/upper-case-1.1.3.tgz",
      "integrity": "sha1-9rRQHC7EzdJrp4vnIilh3ndiFZg="
    }
  }
}
